
Microsoft Visual Studio Solution File, Format Version 12.00
# Visual Studio Version 16
VisualStudioVersion = 16.0.29025.244
MinimumVisualStudioVersion = 10.0.40219.1
Project("{FAE04EC0-301F-11D3-BF4B-00C04F79EFBC}") = "ImpoLobbyCommands", "ImpoLobbyCommands\ImpoLobbyCommands.csproj", "{906F33DB-DDC6-4C40-BA1A-5B1FB354C89D}"
EndProject
Global
	GlobalSection(SolutionConfigurationPlatforms) = preSolution
		Debug|Any CPU = Debug|Any CPU
		Release|Any CPU = Release|Any CPU
	EndGlobalSection
	GlobalSection(ProjectConfigurationPlatforms) = postSolution
		{906F33DB-DDC6-4C40-BA1A-5B1FB354C89D}.Debug|Any CPU.ActiveCfg = Debug|Any CPU
		{906F33DB-DDC6-4C40-BA1A-5B1FB354C89D}.Debug|Any CPU.Build.0 = Debug|Any CPU
		{906F33DB-DDC6-4C40-BA1A-5B1FB354C89D}.Release|Any CPU.ActiveCfg = Release|Any CPU
		{906F33DB-DDC6-4C40-BA1A-5B1FB354C89D}.Release|Any CPU.Build.0 = Release|Any CPU
	EndGlobalSection
	GlobalSection(SolutionProperties) = preSolution
		HideSolutionNode = FALSE
	EndGlobalSection
	GlobalSection(ExtensibilityGlobals) = postSolution
		SolutionGuid = {3C499DEC-9BE2-4873-9D03-98159E403909}
	EndGlobalSection
EndGlobal
